
Microsoft Visual Studio Solution File, Format Version 12.00
# Visual Studio Version 17
VisualStudioVersion = 17.12.35527.113 d17.12
MinimumVisualStudioVersion = 10.0.40219.1
Project("{FAE04EC0-301F-11D3-BF4B-00C04F79EFBC}") = "Basis.Desafio.Server", "Basis.Desafio.Server\Basis.Desafio.Server.csproj", "{07452D37-8057-4A56-9548-465029E80A79}"
EndProject
Project("{54A90642-561A-4BB1-A94E-469ADEE60C69}") = "basis.desafio.client", "basis.desafio.client\basis.desafio.client.esproj", "{634D2B55-28E2-43B8-BFF7-CA3B5B41E81C}"
EndProject
Global
	GlobalSection(SolutionConfigurationPlatforms) = preSolution
		Debug|Any CPU = Debug|Any CPU
		Release|Any CPU = Release|Any CPU
	EndGlobalSection
	GlobalSection(ProjectConfigurationPlatforms) = postSolution
		{07452D37-8057-4A56-9548-465029E80A79}.Debug|Any CPU.ActiveCfg = Debug|Any CPU
		{07452D37-8057-4A56-9548-465029E80A79}.Debug|Any CPU.Build.0 = Debug|Any CPU
		{07452D37-8057-4A56-9548-465029E80A79}.Release|Any CPU.ActiveCfg = Release|Any CPU
		{07452D37-8057-4A56-9548-465029E80A79}.Release|Any CPU.Build.0 = Release|Any CPU
		{634D2B55-28E2-43B8-BFF7-CA3B5B41E81C}.Debug|Any CPU.ActiveCfg = Debug|Any CPU
		{634D2B55-28E2-43B8-BFF7-CA3B5B41E81C}.Debug|Any CPU.Build.0 = Debug|Any CPU
		{634D2B55-28E2-43B8-BFF7-CA3B5B41E81C}.Debug|Any CPU.Deploy.0 = Debug|Any CPU
		{634D2B55-28E2-43B8-BFF7-CA3B5B41E81C}.Release|Any CPU.ActiveCfg = Release|Any CPU
		{634D2B55-28E2-43B8-BFF7-CA3B5B41E81C}.Release|Any CPU.Build.0 = Release|Any CPU
		{634D2B55-28E2-43B8-BFF7-CA3B5B41E81C}.Release|Any CPU.Deploy.0 = Release|Any CPU
	EndGlobalSection
	GlobalSection(SolutionProperties) = preSolution
		HideSolutionNode = FALSE
	EndGlobalSection
EndGlobal
